{
  "name": "fem-newsletter-sign-up-with-success-message",
  "lockfileVersion": 3,
  "requires": true,
  "packages": {
    "": {
      "dependencies": {
        "naiden-css-reset": "^1.0.0"
      }
    },
    "node_modules/naiden-css-reset": {
      "version": "1.0.0",
      "resolved": "https://registry.npmjs.org/naiden-css-reset/-/naiden-css-reset-1.0.0.tgz",
      "integrity": "sha512-KczV7CjLRwNOVuI4eKhCQAop1QkU4LEPfC7H4ykzUj8sQPdQA+4X2eYkbeUEo8w6/SkWgt4oIXmRiBJ7314LBg=="
    }
  }
}
